
Microsoft Visual Studio Solution File, Format Version 12.00
# Visual Studio Version 17
VisualStudioVersion = 17.13.35931.197 d17.13
MinimumVisualStudioVersion = 10.0.40219.1
Project("{FAE04EC0-301F-11D3-BF4B-00C04F79EFBC}") = "API", "API\API.csproj", "{A686E472-5FEE-4DD2-94A3-611F79123C5B}"
EndProject
Project("{FAE04EC0-301F-11D3-BF4B-00C04F79EFBC}") = "Application", "Application\Application.csproj", "{668359C3-2C3E-415B-8499-64DA883866F3}"
EndProject
Project("{FAE04EC0-301F-11D3-BF4B-00C04F79EFBC}") = "Domain", "Domain\Domain.csproj", "{FE3C8B8B-0ED6-46B1-AB33-42D713B72DD9}"
EndProject
Project("{FAE04EC0-301F-11D3-BF4B-00C04F79EFBC}") = "Infrastructure", "Infrastructure\Infrastructure.csproj", "{91F1D8E1-DED9-4999-A249-96141A24AE10}"
EndProject
Global
	GlobalSection(SolutionConfigurationPlatforms) = preSolution
		Debug|Any CPU = Debug|Any CPU
		Release|Any CPU = Release|Any CPU
	EndGlobalSection
	GlobalSection(ProjectConfigurationPlatforms) = postSolution
		{A686E472-5FEE-4DD2-94A3-611F79123C5B}.Debug|Any CPU.ActiveCfg = Debug|Any CPU
		{A686E472-5FEE-4DD2-94A3-611F79123C5B}.Debug|Any CPU.Build.0 = Debug|Any CPU
		{A686E472-5FEE-4DD2-94A3-611F79123C5B}.Release|Any CPU.ActiveCfg = Release|Any CPU
		{A686E472-5FEE-4DD2-94A3-611F79123C5B}.Release|Any CPU.Build.0 = Release|Any CPU
		{668359C3-2C3E-415B-8499-64DA883866F3}.Debug|Any CPU.ActiveCfg = Debug|Any CPU
		{668359C3-2C3E-415B-8499-64DA883866F3}.Debug|Any CPU.Build.0 = Debug|Any CPU
		{668359C3-2C3E-415B-8499-64DA883866F3}.Release|Any CPU.ActiveCfg = Release|Any CPU
		{668359C3-2C3E-415B-8499-64DA883866F3}.Release|Any CPU.Build.0 = Release|Any CPU
		{FE3C8B8B-0ED6-46B1-AB33-42D713B72DD9}.Debug|Any CPU.ActiveCfg = Debug|Any CPU
		{FE3C8B8B-0ED6-46B1-AB33-42D713B72DD9}.Debug|Any CPU.Build.0 = Debug|Any CPU
		{FE3C8B8B-0ED6-46B1-AB33-42D713B72DD9}.Release|Any CPU.ActiveCfg = Release|Any CPU
		{FE3C8B8B-0ED6-46B1-AB33-42D713B72DD9}.Release|Any CPU.Build.0 = Release|Any CPU
		{91F1D8E1-DED9-4999-A249-96141A24AE10}.Debug|Any CPU.ActiveCfg = Debug|Any CPU
		{91F1D8E1-DED9-4999-A249-96141A24AE10}.Debug|Any CPU.Build.0 = Debug|Any CPU
		{91F1D8E1-DED9-4999-A249-96141A24AE10}.Release|Any CPU.ActiveCfg = Release|Any CPU
		{91F1D8E1-DED9-4999-A249-96141A24AE10}.Release|Any CPU.Build.0 = Release|Any CPU
	EndGlobalSection
	GlobalSection(SolutionProperties) = preSolution
		HideSolutionNode = FALSE
	EndGlobalSection
	GlobalSection(ExtensibilityGlobals) = postSolution
		SolutionGuid = {7D85F56A-69BC-4007-B609-9240C6421428}
	EndGlobalSection
EndGlobal
